
Microsoft Visual Studio Solution File, Format Version 12.00
# Visual Studio Version 17
VisualStudioVersion = 17.0.32126.317
MinimumVisualStudioVersion = 10.0.40219.1
Project("{8BC9CEB8-8B4A-11D0-8D11-00A0C91BC942}") = "평가실습 클래스와 객체", "평가실습 클래스와 객체.vcxproj", "{B91379F4-A0E4-4913-805E-CD6F863583B5}"
EndProject
Global
	GlobalSection(SolutionConfigurationPlatforms) = preSolution
		Debug|x64 = Debug|x64
		Debug|x86 = Debug|x86
		Release|x64 = Release|x64
		Release|x86 = Release|x86
	EndGlobalSection
	GlobalSection(ProjectConfigurationPlatforms) = postSolution
		{B91379F4-A0E4-4913-805E-CD6F863583B5}.Debug|x64.ActiveCfg = Debug|x64
		{B91379F4-A0E4-4913-805E-CD6F863583B5}.Debug|x64.Build.0 = Debug|x64
		{B91379F4-A0E4-4913-805E-CD6F863583B5}.Debug|x86.ActiveCfg = Debug|Win32
		{B91379F4-A0E4-4913-805E-CD6F863583B5}.Debug|x86.Build.0 = Debug|Win32
		{B91379F4-A0E4-4913-805E-CD6F863583B5}.Release|x64.ActiveCfg = Release|x64
		{B91379F4-A0E4-4913-805E-CD6F863583B5}.Release|x64.Build.0 = Release|x64
		{B91379F4-A0E4-4913-805E-CD6F863583B5}.Release|x86.ActiveCfg = Release|Win32
		{B91379F4-A0E4-4913-805E-CD6F863583B5}.Release|x86.Build.0 = Release|Win32
	EndGlobalSection
	GlobalSection(SolutionProperties) = preSolution
		HideSolutionNode = FALSE
	EndGlobalSection
	GlobalSection(ExtensibilityGlobals) = postSolution
		SolutionGuid = {9A340C8D-EC32-4EEA-98C0-8D45A2382D69}
	EndGlobalSection
EndGlobal
