
Microsoft Visual Studio Solution File, Format Version 12.00
# Visual Studio Version 17
VisualStudioVersion = 17.0.32126.317
MinimumVisualStudioVersion = 10.0.40219.1
Project("{8BC9CEB8-8B4A-11D0-8D11-00A0C91BC942}") = "제너릭myswap()", "제너릭myswap().vcxproj", "{B11D3241-B23F-49B3-A2E4-B1E539107600}"
EndProject
Global
	GlobalSection(SolutionConfigurationPlatforms) = preSolution
		Debug|x64 = Debug|x64
		Debug|x86 = Debug|x86
		Release|x64 = Release|x64
		Release|x86 = Release|x86
	EndGlobalSection
	GlobalSection(ProjectConfigurationPlatforms) = postSolution
		{B11D3241-B23F-49B3-A2E4-B1E539107600}.Debug|x64.ActiveCfg = Debug|x64
		{B11D3241-B23F-49B3-A2E4-B1E539107600}.Debug|x64.Build.0 = Debug|x64
		{B11D3241-B23F-49B3-A2E4-B1E539107600}.Debug|x86.ActiveCfg = Debug|Win32
		{B11D3241-B23F-49B3-A2E4-B1E539107600}.Debug|x86.Build.0 = Debug|Win32
		{B11D3241-B23F-49B3-A2E4-B1E539107600}.Release|x64.ActiveCfg = Release|x64
		{B11D3241-B23F-49B3-A2E4-B1E539107600}.Release|x64.Build.0 = Release|x64
		{B11D3241-B23F-49B3-A2E4-B1E539107600}.Release|x86.ActiveCfg = Release|Win32
		{B11D3241-B23F-49B3-A2E4-B1E539107600}.Release|x86.Build.0 = Release|Win32
	EndGlobalSection
	GlobalSection(SolutionProperties) = preSolution
		HideSolutionNode = FALSE
	EndGlobalSection
	GlobalSection(ExtensibilityGlobals) = postSolution
		SolutionGuid = {B7F2BC54-8213-4C7E-912D-7C1403F3C155}
	EndGlobalSection
EndGlobal
